
Microsoft Visual Studio Solution File, Format Version 12.00
# Visual Studio 15
VisualStudioVersion = 15.0.28307.1022
MinimumVisualStudioVersion = 10.0.40219.1
Project("{FAE04EC0-301F-11D3-BF4B-00C04F79EFBC}") = "Observer Pattern", "Observer Pattern\Observer Pattern.csproj", "{1254851A-9713-4D91-B472-A034D30970A1}"
EndProject
Global
	GlobalSection(SolutionConfigurationPlatforms) = preSolution
		Debug|Any CPU = Debug|Any CPU
		Release|Any CPU = Release|Any CPU
	EndGlobalSection
	GlobalSection(ProjectConfigurationPlatforms) = postSolution
		{1254851A-9713-4D91-B472-A034D30970A1}.Debug|Any CPU.ActiveCfg = Debug|Any CPU
		{1254851A-9713-4D91-B472-A034D30970A1}.Debug|Any CPU.Build.0 = Debug|Any CPU
		{1254851A-9713-4D91-B472-A034D30970A1}.Release|Any CPU.ActiveCfg = Release|Any CPU
		{1254851A-9713-4D91-B472-A034D30970A1}.Release|Any CPU.Build.0 = Release|Any CPU
	EndGlobalSection
	GlobalSection(SolutionProperties) = preSolution
		HideSolutionNode = FALSE
	EndGlobalSection
	GlobalSection(ExtensibilityGlobals) = postSolution
		SolutionGuid = {4F8B2F0E-80EC-47FB-A0F1-7F29DD1BDC3D}
	EndGlobalSection
EndGlobal
